# THIS IS AN AUTOGENERATED FILE. DO NOT EDIT THIS FILE DIRECTLY.
# yarn lockfile v1


asynckit@^0.4.0:
  version "0.4.0"
  resolved "https://registry.yarnpkg.com/asynckit/-/asynckit-0.4.0.tgz#c79ed97f7f34cb8f2ba1bc9790bcc366474b4b79"
  integrity sha1-x57Zf380y48robyXkLzDZkdLS3k=

body-parser@^1.19.0:
  version "1.19.0"
  resolved "https://registry.yarnpkg.com/body-parser/-/body-parser-1.19.0.tgz#96b2709e57c9c4e09a6fd66a8fd979844f69f08a"
  integrity sha512-dhEPs72UPbDnAQJ9ZKMNTP6ptJaionhP5cBb541nXPlW60Jepo9RV/a4fX4XWW9CuFNK22krhrj1+rgzifNCsw==
  dependencies:
    bytes "3.1.0"
    content-type "~1.0.4"
    debug "2.6.9"
    depd "~1.1.2"
    http-errors "1.7.2"
    iconv-lite "0.4.24"
    on-finished "~2.3.0"
    qs "6.7.0"
    raw-body "2.4.0"
    type-is "~1.6.17"

busboy@^0.3.1:
  version "0.3.1"
  resolved "https://registry.yarnpkg.com/busboy/-/busboy-0.3.1.tgz#170899274c5bf38aae27d5c62b71268cd585fd1b"
  integrity sha512-y7tTxhGKXcyBxRKAni+awqx8uqaJKrSFSNFSeRG5CsWNdmy2BIK+6VGWEW7TZnIO/533mtMEA4rOevQV815YJw==
  dependencies:
    dicer "0.3.0"

bytes@3.1.0:
  version "3.1.0"
  resolved "https://registry.yarnpkg.com/bytes/-/bytes-3.1.0.tgz#f6cf7933a360e0588fa9fde85651cdc7f805d1f6"
  integrity sha512-zauLjrfCG+xvoyaqLoV8bLVXXNGC4JqlxFCutSDWA6fJrTo2ZuvLYTqZ7aHBLZSMOopbzwv8f+wZcVzfVTI2Dg==

call-bind@^1.0.0:
  version "1.0.2"
  resolved "https://registry.yarnpkg.com/call-bind/-/call-bind-1.0.2.tgz#b1d4e89e688119c3c9a903ad30abb2f6a919be3c"
  integrity sha512-7O+FbCihrB5WGbFYesctwmTKae6rOiIzmz1icreWJ+0aA7LJfuqhEso2T9ncpcFtzMQtzXf2QGGueWJGTYsqrA==
  dependencies:
    function-bind "^1.1.1"
    get-intrinsic "^1.0.2"

camel-case@^1.1.1:
  version "1.2.2"
  resolved "https://registry.yarnpkg.com/camel-case/-/camel-case-1.2.2.tgz#1aca7c4d195359a2ce9955793433c6e5542511f2"
  integrity sha1-Gsp8TRlTWaLOmVV5NDPG5VQlEfI=
  dependencies:
    sentence-case "^1.1.1"
    upper-case "^1.1.1"

change-case@^2.3.0:
  version "2.3.1"
  resolved "https://registry.yarnpkg.com/change-case/-/change-case-2.3.1.tgz#2c4fde3f063bb41d00cd68e0d5a09db61cbe894f"
  integrity sha1-LE/ePwY7tB0AzWjg1aCdthy+iU8=
  dependencies:
    camel-case "^1.1.1"
    constant-case "^1.1.0"
    dot-case "^1.1.0"
    is-lower-case "^1.1.0"
    is-upper-case "^1.1.0"
    lower-case "^1.1.1"
    lower-case-first "^1.0.0"
    param-case "^1.1.0"
    pascal-case "^1.1.0"
    path-case "^1.1.0"
    sentence-case "^1.1.1"
    snake-case "^1.1.0"
    swap-case "^1.1.0"
    title-case "^1.1.0"
    upper-case "^1.1.1"
    upper-case-first "^1.1.0"

combined-stream@^1.0.8:
  version "1.0.8"
  resolved "https://registry.yarnpkg.com/combined-stream/-/combined-stream-1.0.8.tgz#c3d45a8b34fd730631a110a8a2520682b31d5a7f"
  integrity sha512-FQN4MRfuJeHf7cBbBMJFXhKSDq+2kAArBlmRBvcvFE5BB1HZKXtSFASDhdlz9zOYwxh8lDdnvmMOe/+5cdoEdg==
  dependencies:
    delayed-stream "~1.0.0"

component-emitter@^1.3.0:
  version "1.3.0"
  resolved "https://registry.yarnpkg.com/component-emitter/-/component-emitter-1.3.0.tgz#16e4070fba8ae29b679f2215853ee181ab2eabc0"
  integrity sha512-Rd3se6QB+sO1TwqZjscQrurpEPIfO0/yYnSin6Q/rD3mOutHvUrCAhJub3r90uNb+SESBuE0QYoB90YdfatsRg==

constant-case@^1.1.0:
  version "1.1.2"
  resolved "https://registry.yarnpkg.com/constant-case/-/constant-case-1.1.2.tgz#8ec2ca5ba343e00aa38dbf4e200fd5ac907efd63"
  integrity sha1-jsLKW6ND4Aqjjb9OIA/VrJB+/WM=
  dependencies:
    snake-case "^1.1.0"
    upper-case "^1.1.1"

content-type@~1.0.4:
  version "1.0.4"
  resolved "https://registry.yarnpkg.com/content-type/-/content-type-1.0.4.tgz#e138cc75e040c727b1966fe5e5f8c9aee256fe3b"
  integrity sha512-hIP3EEPs8tB9AT1L+NUqtwOAps4mk2Zob89MWXMHjHWg9milF/j4osnnQLXBCBFBk/tvIG/tUc9mOUJiPBhPXA==

cookiejar@^2.1.2:
  version "2.1.3"
  resolved "https://registry.yarnpkg.com/cookiejar/-/cookiejar-2.1.3.tgz#fc7a6216e408e74414b90230050842dacda75acc"
  integrity sha512-JxbCBUdrfr6AQjOXrxoTvAMJO4HBTUIlBzslcJPAz+/KT8yk53fXun51u+RenNYvad/+Vc2DIz5o9UxlCDymFQ==

debug@2.6.9:
  version "2.6.9"
  resolved "https://registry.yarnpkg.com/debug/-/debug-2.6.9.tgz#5d128515df134ff327e90a4c93f4e077a536341f"
  integrity sha512-bC7ElrdJaJnPbAP+1EotYvqZsb3ecl5wi6Bfi6BJTUcNowp6cvspg0jXznRTKDjm/E7AdgFBVeAPVMNcKGsHMA==
  dependencies:
    ms "2.0.0"

debug@^4.1.1:
  version "4.3.2"
  resolved "https://registry.yarnpkg.com/debug/-/debug-4.3.2.tgz#f0a49c18ac8779e31d4a0c6029dfb76873c7428b"
  integrity sha512-mOp8wKcvj7XxC78zLgw/ZA+6TSgkoE2C/ienthhRD298T7UNwAg9diBpLRxC0mOezLl4B0xV7M0cCO6P/O0Xhw==
  dependencies:
    ms "2.1.2"

deepmerge@^3.2.0:
  version "3.3.0"
  resolved "https://registry.yarnpkg.com/deepmerge/-/deepmerge-3.3.0.tgz#d3c47fd6f3a93d517b14426b0628a17b0125f5f7"
  integrity sha512-GRQOafGHwMHpjPx9iCvTgpu9NojZ49q794EEL94JVEw6VaeA8XTUyBKvAkOOjBX9oJNiV6G3P+T+tihFjo2TqA==

delayed-stream@~1.0.0:
  version "1.0.0"
  resolved "https://registry.yarnpkg.com/delayed-stream/-/delayed-stream-1.0.0.tgz#df3ae199acadfb7d440aaae0b29e2272b24ec619"
  integrity sha1-3zrhmayt+31ECqrgsp4icrJOxhk=

depd@~1.1.2:
  version "1.1.2"
  resolved "https://registry.yarnpkg.com/depd/-/depd-1.1.2.tgz#9bcd52e14c097763e749b274c4346ed2e560b5a9"
  integrity sha1-m81S4UwJd2PnSbJ0xDRu0uVgtak=

dicer@0.3.0:
  version "0.3.0"
  resolved "https://registry.yarnpkg.com/dicer/-/dicer-0.3.0.tgz#eacd98b3bfbf92e8ab5c2fdb71aaac44bb06b872"
  integrity sha512-MdceRRWqltEG2dZqO769g27N/3PXfcKl04VhYnBlo2YhH7zPi88VebsjTKclaOyiuMaGU72hTfw3VkUitGcVCA==
  dependencies:
    streamsearch "0.1.2"

dot-case@^1.1.0:
  version "1.1.2"
  resolved "https://registry.yarnpkg.com/dot-case/-/dot-case-1.1.2.tgz#1e73826900de28d6de5480bc1de31d0842b06bec"
  integrity sha1-HnOCaQDeKNbeVIC8HeMdCEKwa+w=
  dependencies:
    sentence-case "^1.1.2"

ee-first@1.1.1:
  version "1.1.1"
  resolved "https://registry.yarnpkg.com/ee-first/-/ee-first-1.1.1.tgz#590c61156b0ae2f4f0255732a158b266bc56b21d"
  integrity sha1-WQxhFWsK4vTwJVcyoViyZrxWsh0=

fast-safe-stringify@^2.0.7:
  version "2.1.1"
  resolved "https://registry.yarnpkg.com/fast-safe-stringify/-/fast-safe-stringify-2.1.1.tgz#c406a83b6e70d9e35ce3b30a81141df30aeba884"
  integrity sha512-W+KJc2dmILlPplD/H4K9l9LcAHAfPtP6BY84uVLXQ6Evcz9Lcg33Y2z1IVblT6xdY54PXYVHEv+0Wpq8Io6zkA==

form-data@^3.0.0:
  version "3.0.1"
  resolved "https://registry.yarnpkg.com/form-data/-/form-data-3.0.1.tgz#ebd53791b78356a99af9a300d4282c4d5eb9755f"
  integrity sha512-RHkBKtLWUVwd7SqRIvCZMEvAMoGUp0XU+seQiZejj0COz3RI3hWP4sCv3gZWWLjJTd7rGwcsF5eKZGii0r/hbg==
  dependencies:
    asynckit "^0.4.0"
    combined-stream "^1.0.8"
    mime-types "^2.1.12"

formidable@^1.2.2:
  version "1.2.2"
  resolved "https://registry.yarnpkg.com/formidable/-/formidable-1.2.2.tgz#bf69aea2972982675f00865342b982986f6b8dd9"
  integrity sha512-V8gLm+41I/8kguQ4/o1D3RIHRmhYFG4pnNyonvua+40rqcEmT4+V71yaZ3B457xbbgCsCfjSPi65u/W6vK1U5Q==

fs-capacitor@^6.1.0:
  version "6.2.0"
  resolved "https://registry.yarnpkg.com/fs-capacitor/-/fs-capacitor-6.2.0.tgz#fa79ac6576629163cb84561995602d8999afb7f5"
  integrity sha512-nKcE1UduoSKX27NSZlg879LdQc94OtbOsEmKMN2MBNudXREvijRKx2GEBsTMTfws+BrbkJoEuynbGSVRSpauvw==

function-bind@^1.1.1:
  version "1.1.1"
  resolved "https://registry.yarnpkg.com/function-bind/-/function-bind-1.1.1.tgz#a56899d3ea3c9bab874bb9773b7c5ede92f4895d"
  integrity sha512-yIovAzMX49sF8Yl58fSCWJ5svSLuaibPxXQJFLmBObTuCr0Mf1KiPopGM9NiFjiYBCbfaa2Fh6breQ6ANVTI0A==

get-intrinsic@^1.0.2:
  version "1.1.1"
  resolved "https://registry.yarnpkg.com/get-intrinsic/-/get-intrinsic-1.1.1.tgz#15f59f376f855c446963948f0d24cd3637b4abc6"
  integrity sha512-kWZrnVM42QCiEA2Ig1bG8zjoIMOgxWwYCEeNdwY6Tv/cOSeGpcoX4pXHfKUxNKVoArnrEr2e9srnAxxGIraS9Q==
  dependencies:
    function-bind "^1.1.1"
    has "^1.0.3"
    has-symbols "^1.0.1"

graphql-upload@^11.0.0:
  version "11.0.0"
  resolved "https://registry.yarnpkg.com/graphql-upload/-/graphql-upload-11.0.0.tgz#24b245ff18f353bab6715e8a055db9fd73035e10"
  integrity sha512-zsrDtu5gCbQFDWsNa5bMB4nf1LpKX9KDgh+f8oL1288ijV4RxeckhVozAjqjXAfRpxOHD1xOESsh6zq8SjdgjA==
  dependencies:
    busboy "^0.3.1"
    fs-capacitor "^6.1.0"
    http-errors "^1.7.3"
    isobject "^4.0.0"
    object-path "^0.11.4"

has-symbols@^1.0.1:
  version "1.0.2"
  resolved "https://registry.yarnpkg.com/has-symbols/-/has-symbols-1.0.2.tgz#165d3070c00309752a1236a479331e3ac56f1423"
  integrity sha512-chXa79rL/UC2KlX17jo3vRGz0azaWEx5tGqZg5pO3NUyEJVB17dMruQlzCCOfUvElghKcm5194+BCRvi2Rv/Gw==

has@^1.0.3:
  version "1.0.3"
  resolved "https://registry.yarnpkg.com/has/-/has-1.0.3.tgz#722d7cbfc1f6aa8241f16dd814e011e1f41e8796"
  integrity sha512-f2dvO0VU6Oej7RkWJGrehjbzMAjFp5/VKPp5tTpWIV4JHHZK1/BxbFRtf/siA2SWTe09caDmVtYYzWEIbBS4zw==
  dependencies:
    function-bind "^1.1.1"

http-errors@1.7.2:
  version "1.7.2"
  resolved "https://registry.yarnpkg.com/http-errors/-/http-errors-1.7.2.tgz#4f5029cf13239f31036e5b2e55292bcfbcc85c8f"
  integrity sha512-uUQBt3H/cSIVfch6i1EuPNy/YsRSOUBXTVfZ+yR7Zjez3qjBz6i9+i4zjNaoqcoFVI4lQJ5plg63TvGfRSDCRg==
  dependencies:
    depd "~1.1.2"
    inherits "2.0.3"
    setprototypeof "1.1.1"
    statuses ">= 1.5.0 < 2"
    toidentifier "1.0.0"

http-errors@^1.7.3:
  version "1.8.0"
  resolved "https://registry.yarnpkg.com/http-errors/-/http-errors-1.8.0.tgz#75d1bbe497e1044f51e4ee9e704a62f28d336507"
  integrity sha512-4I8r0C5JDhT5VkvI47QktDW75rNlGVsUf/8hzjCC/wkWI/jdTRmBb9aI7erSG82r1bjKY3F6k28WnsVxB1C73A==
  dependencies:
    depd "~1.1.2"
    inherits "2.0.4"
    setprototypeof "1.2.0"
    statuses ">= 1.5.0 < 2"
    toidentifier "1.0.0"

iconv-lite@0.4.24:
  version "0.4.24"
  resolved "https://registry.yarnpkg.com/iconv-lite/-/iconv-lite-0.4.24.tgz#2022b4b25fbddc21d2f524974a474aafe733908b"
  integrity sha512-v3MXnZAcvnywkTUEZomIActle7RXXeedOR31wwl7VlyoXO4Qi9arvSenNQWne1TcRwhCL1HwLI21bEqdpj8/rA==
  dependencies:
    safer-buffer ">= 2.1.2 < 3"

inherits@2.0.3:
  version "2.0.3"
  resolved "https://registry.yarnpkg.com/inherits/-/inherits-2.0.3.tgz#633c2c83e3da42a502f52466022480f4208261de"
  integrity sha1-Yzwsg+PaQqUC9SRmAiSA9CCCYd4=

inherits@2.0.4, inherits@^2.0.3:
  version "2.0.4"
  resolved "https://registry.yarnpkg.com/inherits/-/inherits-2.0.4.tgz#0fa2c64f932917c3433a0ded55363aae37416b7c"
  integrity sha512-k/vGaX4/Yla3WzyMCvTQOXYeIHvqOKtnqBduzTHpzpQZzAskKMhZ2K+EnBiSM9zGSoIFeMpXKxa4dYeZIQqewQ==

is-lower-case@^1.1.0:
  version "1.1.3"
  resolved "https://registry.yarnpkg.com/is-lower-case/-/is-lower-case-1.1.3.tgz#7e147be4768dc466db3bfb21cc60b31e6ad69393"
  integrity sha1-fhR75HaNxGbbO/shzGCzHmrWk5M=
  dependencies:
    lower-case "^1.1.0"

is-upper-case@^1.1.0:
  version "1.1.2"
  resolved "https://registry.yarnpkg.com/is-upper-case/-/is-upper-case-1.1.2.tgz#8d0b1fa7e7933a1e58483600ec7d9661cbaf756f"
  integrity sha1-jQsfp+eTOh5YSDYA7H2WYcuvdW8=
  dependencies:
    upper-case "^1.1.0"

isobject@^4.0.0:
  version "4.0.0"
  resolved "https://registry.yarnpkg.com/isobject/-/isobject-4.0.0.tgz#3f1c9155e73b192022a80819bacd0343711697b0"
  integrity sha512-S/2fF5wH8SJA/kmwr6HYhK/RI/OkhD84k8ntalo0iJjZikgq1XFvR5M8NPT1x5F7fBwCG3qHfnzeP/Vh/ZxCUA==

lodash.get@^4.4.2:
  version "4.4.2"
  resolved "https://registry.yarnpkg.com/lodash.get/-/lodash.get-4.4.2.tgz#2d177f652fa31e939b4438d5341499dfa3825e99"
  integrity sha1-LRd/ZS+jHpObRDjVNBSZ36OCXpk=

lower-case-first@^1.0.0:
  version "1.0.2"
  resolved "https://registry.yarnpkg.com/lower-case-first/-/lower-case-first-1.0.2.tgz#e5da7c26f29a7073be02d52bac9980e5922adfa1"
  integrity sha1-5dp8JvKacHO+AtUrrJmA5ZIq36E=
  dependencies:
    lower-case "^1.1.2"

lower-case@^1.1.0, lower-case@^1.1.1, lower-case@^1.1.2:
  version "1.1.4"
  resolved "https://registry.yarnpkg.com/lower-case/-/lower-case-1.1.4.tgz#9a2cabd1b9e8e0ae993a4bf7d5875c39c42e8eac"
  integrity sha1-miyr0bno4K6ZOkv31YdcOcQujqw=

lru-cache@^6.0.0:
  version "6.0.0"
  resolved "https://registry.yarnpkg.com/lru-cache/-/lru-cache-6.0.0.tgz#6d6fe6570ebd96aaf90fcad1dafa3b2566db3a94"
  integrity sha512-Jo6dJ04CmSjuznwJSS3pUeWmd/H0ffTlkXXgwZi+eq1UCmqQwCh+eLsYOYCwY991i2Fah4h1BEMCx4qThGbsiA==
  dependencies:
    yallist "^4.0.0"

media-typer@0.3.0:
  version "0.3.0"
  resolved "https://registry.yarnpkg.com/media-typer/-/media-typer-0.3.0.tgz#8710d7af0aa626f8fffa1ce00168545263255748"
  integrity sha1-hxDXrwqmJvj/+hzgAWhUUmMlV0g=

methods@^1.1.2:
  version "1.1.2"
  resolved "https://registry.yarnpkg.com/methods/-/methods-1.1.2.tgz#5529a4d67654134edcc5266656835b0f851afcee"
  integrity sha1-VSmk1nZUE07cxSZmVoNbD4Ua/O4=

mime-db@1.47.0:
  version "1.47.0"
  resolved "https://registry.yarnpkg.com/mime-db/-/mime-db-1.47.0.tgz#8cb313e59965d3c05cfbf898915a267af46a335c"
  integrity sha512-QBmA/G2y+IfeS4oktet3qRZ+P5kPhCKRXxXnQEudYqUaEioAU1/Lq2us3D/t1Jfo4hE9REQPrbB7K5sOczJVIw==

mime-db@1.50.0:
  version "1.50.0"
  resolved "https://registry.yarnpkg.com/mime-db/-/mime-db-1.50.0.tgz#abd4ac94e98d3c0e185016c67ab45d5fde40c11f"
  integrity sha512-9tMZCDlYHqeERXEHO9f/hKfNXhre5dK2eE/krIvUjZbS2KPcqGDfNShIWS1uW9XOTKQKqK6qbeOci18rbfW77A==

mime-types@^2.1.12:
  version "2.1.33"
  resolved "https://registry.yarnpkg.com/mime-types/-/mime-types-2.1.33.tgz#1fa12a904472fafd068e48d9e8401f74d3f70edb"
  integrity sha512-plLElXp7pRDd0bNZHw+nMd52vRYjLwQjygaNg7ddJ2uJtTlmnTCjWuPKxVu6//AdaRuME84SvLW91sIkBqGT0g==
  dependencies:
    mime-db "1.50.0"

mime-types@~2.1.24:
  version "2.1.30"
  resolved "https://registry.yarnpkg.com/mime-types/-/mime-types-2.1.30.tgz#6e7be8b4c479825f85ed6326695db73f9305d62d"
  integrity sha512-crmjA4bLtR8m9qLpHvgxSChT+XoSlZi8J4n/aIdn3z92e/U47Z0V/yl+Wh9W046GgFVAmoNR/fmdbZYcSSIUeg==
  dependencies:
    mime-db "1.47.0"

mime@^2.4.6:
  version "2.5.2"
  resolved "https://registry.yarnpkg.com/mime/-/mime-2.5.2.tgz#6e3dc6cc2b9510643830e5f19d5cb753da5eeabe"
  integrity sha512-tqkh47FzKeCPD2PUiPB6pkbMzsCasjxAfC62/Wap5qrUWcb+sFasXUC5I3gYM5iBM8v/Qpn4UK0x+j0iHyFPDg==

ms@2.0.0:
  version "2.0.0"
  resolved "https://registry.yarnpkg.com/ms/-/ms-2.0.0.tgz#5608aeadfc00be6c2901df5f9861788de0d597c8"
  integrity sha1-VgiurfwAvmwpAd9fmGF4jeDVl8g=

ms@2.1.2:
  version "2.1.2"
  resolved "https://registry.yarnpkg.com/ms/-/ms-2.1.2.tgz#d09d1f357b443f493382a8eb3ccd183872ae6009"
  integrity sha512-sGkPx+VjMtmA6MX27oA4FBFELFCZZ4S4XqeGOXCv68tT+jb3vk/RyaKWP0PTKyWtmLSM0b+adUTEvbs1PEaH2w==

object-inspect@^1.9.0:
  version "1.11.0"
  resolved "https://registry.yarnpkg.com/object-inspect/-/object-inspect-1.11.0.tgz#9dceb146cedd4148a0d9e51ab88d34cf509922b1"
  integrity sha512-jp7ikS6Sd3GxQfZJPyH3cjcbJF6GZPClgdV+EFygjFLQ5FmW/dRUnTd9PQ9k0JhoNDabWFbpF1yCdSWCC6gexg==

object-path@^0.11.4:
  version "0.11.5"
  resolved "https://registry.yarnpkg.com/object-path/-/object-path-0.11.5.tgz#d4e3cf19601a5140a55a16ad712019a9c50b577a"
  integrity sha512-jgSbThcoR/s+XumvGMTMf81QVBmah+/Q7K7YduKeKVWL7N111unR2d6pZZarSk6kY/caeNxUDyxOvMWyzoU2eg==

on-finished@~2.3.0:
  version "2.3.0"
  resolved "https://registry.yarnpkg.com/on-finished/-/on-finished-2.3.0.tgz#20f1336481b083cd75337992a16971aa2d906947"
  integrity sha1-IPEzZIGwg811M3mSoWlxqi2QaUc=
  dependencies:
    ee-first "1.1.1"

param-case@^1.1.0:
  version "1.1.2"
  resolved "https://registry.yarnpkg.com/param-case/-/param-case-1.1.2.tgz#dcb091a43c259b9228f1c341e7b6a44ea0bf9743"
  integrity sha1-3LCRpDwlm5Io8cNB57akTqC/l0M=
  dependencies:
    sentence-case "^1.1.2"

pascal-case@^1.1.0:
  version "1.1.2"
  resolved "https://registry.yarnpkg.com/pascal-case/-/pascal-case-1.1.2.tgz#3e5d64a20043830a7c49344c2d74b41be0c9c99b"
  integrity sha1-Pl1kogBDgwp8STRMLXS0G+DJyZs=
  dependencies:
    camel-case "^1.1.1"
    upper-case-first "^1.1.0"

path-case@^1.1.0:
  version "1.1.2"
  resolved "https://registry.yarnpkg.com/path-case/-/path-case-1.1.2.tgz#50ce6ba0d3bed3dd0b5c2a9c4553697434409514"
  integrity sha1-UM5roNO+090LXCqcRVNpdDRAlRQ=
  dependencies:
    sentence-case "^1.1.2"

qs@6.7.0:
  version "6.7.0"
  resolved "https://registry.yarnpkg.com/qs/-/qs-6.7.0.tgz#41dc1a015e3d581f1621776be31afb2876a9b1bc"
  integrity sha512-VCdBRNFTX1fyE7Nb6FYoURo/SPe62QCaAyzJvUjwRaIsc+NePBEniHlvxFmmX56+HZphIGtV0XeCirBtpDrTyQ==

qs@^6.9.4:
  version "6.10.1"
  resolved "https://registry.yarnpkg.com/qs/-/qs-6.10.1.tgz#4931482fa8d647a5aab799c5271d2133b981fb6a"
  integrity sha512-M528Hph6wsSVOBiYUnGf+K/7w0hNshs/duGsNXPUCLH5XAqjEtiPGwNONLV0tBH8NoGb0mvD5JubnUTrujKDTg==
  dependencies:
    side-channel "^1.0.4"

raw-body@2.4.0:
  version "2.4.0"
  resolved "https://registry.yarnpkg.com/raw-body/-/raw-body-2.4.0.tgz#a1ce6fb9c9bc356ca52e89256ab59059e13d0332"
  integrity sha512-4Oz8DUIwdvoa5qMJelxipzi/iJIi40O5cGV1wNYp5hvZP8ZN0T+jiNkL0QepXs+EsQ9XJ8ipEDoiH70ySUJP3Q==
  dependencies:
    bytes "3.1.0"
    http-errors "1.7.2"
    iconv-lite "0.4.24"
    unpipe "1.0.0"

readable-stream@^3.6.0:
  version "3.6.0"
  resolved "https://registry.yarnpkg.com/readable-stream/-/readable-stream-3.6.0.tgz#337bbda3adc0706bd3e024426a286d4b4b2c9198"
  integrity sha512-BViHy7LKeTz4oNnkcLJ+lVSL6vpiFeX6/d3oSH8zCW7UxP2onchk+vTGB143xuFjHS3deTgkKoXXymXqymiIdA==
  dependencies:
    inherits "^2.0.3"
    string_decoder "^1.1.1"
    util-deprecate "^1.0.1"

rest-facade@^1.16.1:
  version "1.16.1"
  resolved "https://registry.yarnpkg.com/rest-facade/-/rest-facade-1.16.1.tgz#973417fd39b01fb1b71befb333c33a7aa56b58af"
  integrity sha512-KfFt+TOqFyOlkzg+ubmnBd91c4y0+vYV5R59fxoKoRhTmfLnboNzELM5ANzhidrOARsL7rxb5QAY+tpMwmho0A==
  dependencies:
    change-case "^2.3.0"
    deepmerge "^3.2.0"
    lodash.get "^4.4.2"
    superagent "^5.1.1"

safe-buffer@~5.2.0:
  version "5.2.1"
  resolved "https://registry.yarnpkg.com/safe-buffer/-/safe-buffer-5.2.1.tgz#1eaf9fa9bdb1fdd4ec75f58f9cdb4e6b7827eec6"
  integrity sha512-rp3So07KcdmmKbGvgaNxQSJr7bGVSVk5S9Eq1F+ppbRo70+YeaDxkw5Dd8NPN+GD6bjnYm2VuPuCXmpuYvmCXQ==

"safer-buffer@>= 2.1.2 < 3":
  version "2.1.2"
  resolved "https://registry.yarnpkg.com/safer-buffer/-/safer-buffer-2.1.2.tgz#44fa161b0187b9549dd84bb91802f9bd8385cd6a"
  integrity sha512-YZo3K82SD7Riyi0E1EQPojLz7kpepnSQI9IyPbHHg1XXXevb5dJI7tpyN2ADxGcQbHG7vcyRHk0cbwqcQriUtg==

semver@^7.3.2:
  version "7.3.5"
  resolved "https://registry.yarnpkg.com/semver/-/semver-7.3.5.tgz#0b621c879348d8998e4b0e4be94b3f12e6018ef7"
  integrity sha512-PoeGJYh8HK4BTO/a9Tf6ZG3veo/A7ZVsYrSA6J8ny9nb3B1VrpkuN+z9OE5wfE5p6H4LchYZsegiQgbJD94ZFQ==
  dependencies:
    lru-cache "^6.0.0"

sentence-case@^1.1.1, sentence-case@^1.1.2:
  version "1.1.3"
  resolved "https://registry.yarnpkg.com/sentence-case/-/sentence-case-1.1.3.tgz#8034aafc2145772d3abe1509aa42c9e1042dc139"
  integrity sha1-gDSq/CFFdy06vhUJqkLJ4QQtwTk=
  dependencies:
    lower-case "^1.1.1"

setprototypeof@1.1.1:
  version "1.1.1"
  resolved "https://registry.yarnpkg.com/setprototypeof/-/setprototypeof-1.1.1.tgz#7e95acb24aa92f5885e0abef5ba131330d4ae683"
  integrity sha512-JvdAWfbXeIGaZ9cILp38HntZSFSo3mWg6xGcJJsd+d4aRMOqauag1C63dJfDw7OaMYwEbHMOxEZ1lqVRYP2OAw==

setprototypeof@1.2.0:
  version "1.2.0"
  resolved "https://registry.yarnpkg.com/setprototypeof/-/setprototypeof-1.2.0.tgz#66c9a24a73f9fc28cbe66b09fed3d33dcaf1b424"
  integrity sha512-E5LDX7Wrp85Kil5bhZv46j8jOeboKq5JMmYM3gVGdGH8xFpPWXUMsNrlODCrkoxMEeNi/XZIwuRvY4XNwYMJpw==

side-channel@^1.0.4:
  version "1.0.4"
  resolved "https://registry.yarnpkg.com/side-channel/-/side-channel-1.0.4.tgz#efce5c8fdc104ee751b25c58d4290011fa5ea2cf"
  integrity sha512-q5XPytqFEIKHkGdiMIrY10mvLRvnQh42/+GoBlFW3b2LXLE2xxJpZFdm94we0BaoV3RwJyGqg5wS7epxTv0Zvw==
  dependencies:
    call-bind "^1.0.0"
    get-intrinsic "^1.0.2"
    object-inspect "^1.9.0"

snake-case@^1.1.0:
  version "1.1.2"
  resolved "https://registry.yarnpkg.com/snake-case/-/snake-case-1.1.2.tgz#0c2f25e305158d9a18d3d977066187fef8a5a66a"
  integrity sha1-DC8l4wUVjZoY09l3BmGH/vilpmo=
  dependencies:
    sentence-case "^1.1.2"

"statuses@>= 1.5.0 < 2":
  version "1.5.0"
  resolved "https://registry.yarnpkg.com/statuses/-/statuses-1.5.0.tgz#161c7dac177659fd9811f43771fa99381478628c"
  integrity sha1-Fhx9rBd2Wf2YEfQ3cfqZOBR4Yow=

streamsearch@0.1.2:
  version "0.1.2"
  resolved "https://registry.yarnpkg.com/streamsearch/-/streamsearch-0.1.2.tgz#808b9d0e56fc273d809ba57338e929919a1a9f1a"
  integrity sha1-gIudDlb8Jz2Am6VzOOkpkZoanxo=

string_decoder@^1.1.1:
  version "1.3.0"
  resolved "https://registry.yarnpkg.com/string_decoder/-/string_decoder-1.3.0.tgz#42f114594a46cf1a8e30b0a84f56c78c3edac21e"
  integrity sha512-hkRX8U1WjJFd8LsDJ2yQ/wWWxaopEsABU1XfkM8A+j0+85JAGppt16cr1Whg6KIbb4okU6Mql6BOj+uup/wKeA==
  dependencies:
    safe-buffer "~5.2.0"

superagent@^5.1.1:
  version "5.3.1"
  resolved "https://registry.yarnpkg.com/superagent/-/superagent-5.3.1.tgz#d62f3234d76b8138c1320e90fa83dc1850ccabf1"
  integrity sha512-wjJ/MoTid2/RuGCOFtlacyGNxN9QLMgcpYLDQlWFIhhdJ93kNscFonGvrpAHSCVjRVj++DGCglocF7Aej1KHvQ==
  dependencies:
    component-emitter "^1.3.0"
    cookiejar "^2.1.2"
    debug "^4.1.1"
    fast-safe-stringify "^2.0.7"
    form-data "^3.0.0"
    formidable "^1.2.2"
    methods "^1.1.2"
    mime "^2.4.6"
    qs "^6.9.4"
    readable-stream "^3.6.0"
    semver "^7.3.2"

swap-case@^1.1.0:
  version "1.1.2"
  resolved "https://registry.yarnpkg.com/swap-case/-/swap-case-1.1.2.tgz#c39203a4587385fad3c850a0bd1bcafa081974e3"
  integrity sha1-w5IDpFhzhfrTyFCgvRvK+ggZdOM=
  dependencies:
    lower-case "^1.1.1"
    upper-case "^1.1.1"

title-case@^1.1.0:
  version "1.1.2"
  resolved "https://registry.yarnpkg.com/title-case/-/title-case-1.1.2.tgz#fae4a6ae546bfa22d083a0eea910a40d12ed4f5a"
  integrity sha1-+uSmrlRr+iLQg6DuqRCkDRLtT1o=
  dependencies:
    sentence-case "^1.1.1"
    upper-case "^1.0.3"

toidentifier@1.0.0:
  version "1.0.0"
  resolved "https://registry.yarnpkg.com/toidentifier/-/toidentifier-1.0.0.tgz#7e1be3470f1e77948bc43d94a3c8f4d7752ba553"
  integrity sha512-yaOH/Pk/VEhBWWTlhI+qXxDFXlejDGcQipMlyxda9nthulaxLZUNcUqFxokp0vcYnvteJln5FNQDRrxj3YcbVw==

type-is@~1.6.17:
  version "1.6.18"
  resolved "https://registry.yarnpkg.com/type-is/-/type-is-1.6.18.tgz#4e552cd05df09467dcbc4ef739de89f2cf37c131"
  integrity sha512-TkRKr9sUTxEH8MdfuCSP7VizJyzRNMjj2J2do2Jr3Kym598JVdEksuzPQCnlFPW4ky9Q+iA+ma9BGm06XQBy8g==
  dependencies:
    media-typer "0.3.0"
    mime-types "~2.1.24"

unpipe@1.0.0:
  version "1.0.0"
  resolved "https://registry.yarnpkg.com/unpipe/-/unpipe-1.0.0.tgz#b2bf4ee8514aae6165b4817829d21b2ef49904ec"
  integrity sha1-sr9O6FFKrmFltIF4KdIbLvSZBOw=

upper-case-first@^1.1.0:
  version "1.1.2"
  resolved "https://registry.yarnpkg.com/upper-case-first/-/upper-case-first-1.1.2.tgz#5d79bedcff14419518fd2edb0a0507c9b6859115"
  integrity sha1-XXm+3P8UQZUY/S7bCgUHybaFkRU=
  dependencies:
    upper-case "^1.1.1"

upper-case@^1.0.3, upper-case@^1.1.0, upper-case@^1.1.1:
  version "1.1.3"
  resolved "https://registry.yarnpkg.com/upper-case/-/upper-case-1.1.3.tgz#f6b4501c2ec4cdd26ba78be7222961de77621598"
  integrity sha1-9rRQHC7EzdJrp4vnIilh3ndiFZg=

util-deprecate@^1.0.1:
  version "1.0.2"
  resolved "https://registry.yarnpkg.com/util-deprecate/-/util-deprecate-1.0.2.tgz#450d4dc9fa70de732762fbd2d4a28981419a0ccf"
  integrity sha1-RQ1Nyfpw3nMnYvvS1KKJgUGaDM8=

yallist@^4.0.0:
  version "4.0.0"
  resolved "https://registry.yarnpkg.com/yallist/-/yallist-4.0.0.tgz#9bb92790d9c0effec63be73519e11a35019a3a72"
  integrity sha512-3wdGidZyq5PB084XLES5TpOSRA3wjXAlIWMhum2kRcv/41Sn2emQ0dycQW4uZXLejwKvg6EsvbdlVL+FYEct7A==
